
Microsoft Visual Studio Solution File, Format Version 12.00
# Visual Studio Version 17
VisualStudioVersion = 17.8.34309.116
MinimumVisualStudioVersion = 10.0.40219.1
Project("{FAE04EC0-301F-11D3-BF4B-00C04F79EFBC}") = "day 6", "day 6\day 6.csproj", "{D14B1BE3-36B4-4543-BFC2-127CA10A7677}"
EndProject
Global
	GlobalSection(SolutionConfigurationPlatforms) = preSolution
		Debug|Any CPU = Debug|Any CPU
		Release|Any CPU = Release|Any CPU
	EndGlobalSection
	GlobalSection(ProjectConfigurationPlatforms) = postSolution
		{D14B1BE3-36B4-4543-BFC2-127CA10A7677}.Debug|Any CPU.ActiveCfg = Debug|Any CPU
		{D14B1BE3-36B4-4543-BFC2-127CA10A7677}.Debug|Any CPU.Build.0 = Debug|Any CPU
		{D14B1BE3-36B4-4543-BFC2-127CA10A7677}.Release|Any CPU.ActiveCfg = Release|Any CPU
		{D14B1BE3-36B4-4543-BFC2-127CA10A7677}.Release|Any CPU.Build.0 = Release|Any CPU
	EndGlobalSection
	GlobalSection(SolutionProperties) = preSolution
		HideSolutionNode = FALSE
	EndGlobalSection
	GlobalSection(ExtensibilityGlobals) = postSolution
		SolutionGuid = {85747089-AD08-436E-A038-D4673BED6B91}
	EndGlobalSection
EndGlobal
