
Microsoft Visual Studio Solution File, Format Version 12.00
# Visual Studio Version 17
VisualStudioVersion = 17.8.34309.116
MinimumVisualStudioVersion = 10.0.40219.1
Project("{9A19103F-16F7-4668-BE54-9A1E7A4F7556}") = "MakeenPatch03_Day10", "..\MakeenPatch03_Day10.csproj", "{E2F69E35-EEC4-4A4A-AA5A-5ED112F82164}"
EndProject
Global
	GlobalSection(SolutionConfigurationPlatforms) = preSolution
		Debug|Any CPU = Debug|Any CPU
		Release|Any CPU = Release|Any CPU
	EndGlobalSection
	GlobalSection(ProjectConfigurationPlatforms) = postSolution
		{E2F69E35-EEC4-4A4A-AA5A-5ED112F82164}.Debug|Any CPU.ActiveCfg = Debug|Any CPU
		{E2F69E35-EEC4-4A4A-AA5A-5ED112F82164}.Debug|Any CPU.Build.0 = Debug|Any CPU
		{E2F69E35-EEC4-4A4A-AA5A-5ED112F82164}.Release|Any CPU.ActiveCfg = Release|Any CPU
		{E2F69E35-EEC4-4A4A-AA5A-5ED112F82164}.Release|Any CPU.Build.0 = Release|Any CPU
	EndGlobalSection
	GlobalSection(SolutionProperties) = preSolution
		HideSolutionNode = FALSE
	EndGlobalSection
	GlobalSection(ExtensibilityGlobals) = postSolution
		SolutionGuid = {A1F17F1E-7EB2-40D4-98EB-1EC5FA0E1F9F}
	EndGlobalSection
EndGlobal
